{
  "name": "closures",
  "lockfileVersion": 2,
  "requires": true,
  "packages": {
    "": {
      "dependencies": {
        "lodash.memoize": "^4.1.2",
        "memoize": "^0.1.1"
      }
    },
    "node_modules/lodash.memoize": {
      "version": "4.1.2",
      "resolved": "https://registry.npmjs.org/lodash.memoize/-/lodash.memoize-4.1.2.tgz",
      "integrity": "sha512-t7j+NzmgnQzTAYXcsHYLgimltOV1MXHtlOWf6GjL9Kj8GK5FInw5JotxvbOs+IvV1/Dzo04/fCGfLVs7aXb4Ag=="
    },
    "node_modules/memoize": {
      "version": "0.1.1",
      "resolved": "https://registry.npmjs.org/memoize/-/memoize-0.1.1.tgz",
      "integrity": "sha512-6XjEiKKylCv6AV9ZwNGauIGqS46mf/I2Zg466Z2yR1kcDzzSjVOdsW5EwGeaa3KT57n+WY41mVPmh+2dqLs6bQ==",
      "dependencies": {
        "tosource": ">=0.1.1"
      },
      "engines": {
        "node": "*"
      }
    },
    "node_modules/tosource": {
      "version": "1.0.0",
      "resolved": "https://registry.npmjs.org/tosource/-/tosource-1.0.0.tgz",
      "integrity": "sha512-N6g8eQ1eerw6Y1pBhdgkubWIiPFwXa2POSUrlL8jth5CyyEWNWzoGKRkO3CaO7Jx27hlJP54muB3btIAbx4MPg==",
      "engines": {
        "node": ">=0.4.0"
      }
    }
  },
  "dependencies": {
    "lodash.memoize": {
      "version": "4.1.2",
      "resolved": "https://registry.npmjs.org/lodash.memoize/-/lodash.memoize-4.1.2.tgz",
      "integrity": "sha512-t7j+NzmgnQzTAYXcsHYLgimltOV1MXHtlOWf6GjL9Kj8GK5FInw5JotxvbOs+IvV1/Dzo04/fCGfLVs7aXb4Ag=="
    },
    "memoize": {
      "version": "0.1.1",
      "resolved": "https://registry.npmjs.org/memoize/-/memoize-0.1.1.tgz",
      "integrity": "sha512-6XjEiKKylCv6AV9ZwNGauIGqS46mf/I2Zg466Z2yR1kcDzzSjVOdsW5EwGeaa3KT57n+WY41mVPmh+2dqLs6bQ==",
      "requires": {
        "tosource": ">=0.1.1"
      }
    },
    "tosource": {
      "version": "1.0.0",
      "resolved": "https://registry.npmjs.org/tosource/-/tosource-1.0.0.tgz",
      "integrity": "sha512-N6g8eQ1eerw6Y1pBhdgkubWIiPFwXa2POSUrlL8jth5CyyEWNWzoGKRkO3CaO7Jx27hlJP54muB3btIAbx4MPg=="
    }
  }
}
